// !$*UTF8*$!
{
	archiveVersion = 1;
	classes = {
	};
	objectVersion = 46;
	objects = {

/* Begin PBXBuildFile section */
		1AE4C20015824B2600F33ED0 /* UIKit.framework in Frameworks */ = {isa = PBXBuildFile; fileRef = 1AE4C1FF15824B2600F33ED0 /* UIKit.framework */; };
		1AE4C20215824B2600F33ED0 /* Foundation.framework in Frameworks */ = {isa = PBXBuildFile; fileRef = 1AE4C20115824B2600F33ED0 /* Foundation.framework */; };
		1AE4C20415824B2600F33ED0 /* CoreGraphics.framework in Frameworks */ = {isa = PBXBuildFile; fileRef = 1AE4C20315824B2600F33ED0 /* CoreGraphics.framework */; };
		1AE4C20A15824B2600F33ED0 /* InfoPlist.strings in Resources */ = {isa = PBXBuildFile; fileRef = 1AE4C20815824B2600F33ED0 /* InfoPlist.strings */; };
		1AE4C20C15824B2600F33ED0 /* main.m in Sources */ = {isa = PBXBuildFile; fileRef = 1AE4C20B15824B2600F33ED0 /* main.m */; };
		1AE4C21015824B2600F33ED0 /* AppDelegate.m in Sources */ = {isa = PBXBuildFile; fileRef = 1AE4C20F15824B2600F33ED0 /* AppDelegate.m */; };
		1AE4C21315824B2600F33ED0 /* ViewController.m in Sources */ = {isa = PBXBuildFile; fileRef = 1AE4C21215824B2600F33ED0 /* ViewController.m */; };
		1AE4C21615824B2600F33ED0 /* ViewController.xib in Resources */ = {isa = PBXBuildFile; fileRef = 1AE4C21415824B2600F33ED0 /* ViewController.xib */; };
/* End PBXBuildFile section */

/* Begin PBXFileReference section */
		1AE4C1FB15824B2600F33ED0 /* openURLifAvailable.app */ = {isa = PBXFileReference; explicitFileType = wrapper.application; includeInIndex = 0; path = openURLifAvailable.app; sourceTree = BUILT_PRODUCTS_DIR; };
		1AE4C1FF15824B2600F33ED0 /* UIKit.framework */ = {isa = PBXFileReference; lastKnownFileType = wrapper.framework; name = UIKit.framework; path = System/Library/Frameworks/UIKit.framework; sourceTree = SDKROOT; };
		1AE4C20115824B2600F33ED0 /* Foundation.framework */ = {isa = PBXFileReference; lastKnownFileType = wrapper.framework; name = Foundation.framework; path = System/Library/Frameworks/Foundation.framework; sourceTree = SDKROOT; };
		1AE4C20315824B2600F33ED0 /* CoreGraphics.framework */ = {isa = PBXFileReference; lastKnownFileType = wrapper.framework; name = CoreGraphics.framework; path = System/Library/Frameworks/CoreGraphics.framework; sourceTree = SDKROOT; };
		1AE4C20715824B2600F33ED0 /* openURLifAvailable-Info.plist */ = {isa = PBXFileReference; lastKnownFileType = text.plist.xml; path = "openURLifAvailable-Info.plist"; sourceTree = "<group>"; };
		1AE4C20915824B2600F33ED0 /* en */ = {isa = PBXFileReference; lastKnownFileType = text.plist.strings; name = en; path = en.lproj/InfoPlist.strings; sourceTree = "<group>"; };
		1AE4C20B15824B2600F33ED0 /* main.m */ = {isa = PBXFileReference; lastKnownFileType = sourcecode.c.objc; path = main.m; sourceTree = "<group>"; };
		1AE4C20D15824B2600F33ED0 /* openURLifAvailable-Prefix.pch */ = {isa = PBXFileReference; lastKnownFileType = sourcecode.c.h; path = "openURLifAvailable-Prefix.pch"; sourceTree = "<group>"; };
		1AE4C20E15824B2600F33ED0 /* AppDelegate.h */ = {isa = PBXFileReference; lastKnownFileType = sourcecode.c.h; path = AppDelegate.h; sourceTree = "<group>"; };
		1AE4C20F15824B2600F33ED0 /* AppDelegate.m */ = {isa = PBXFileReference; lastKnownFileType = sourcecode.c.objc; path = AppDelegate.m; sourceTree = "<group>"; };
		1AE4C21115824B2600F33ED0 /* ViewController.h */ = {isa = PBXFileReference; lastKnownFileType = sourcecode.c.h; path = ViewController.h; sourceTree = "<group>"; };
		1AE4C21215824B2600F33ED0 /* ViewController.m */ = {isa = PBXFileReference; lastKnownFileType = sourcecode.c.objc; path = ViewController.m; sourceTree = "<group>"; };
		1AE4C21515824B2600F33ED0 /* en */ = {isa = PBXFileReference; lastKnownFileType = file.xib; name = en; path = en.lproj/ViewController.xib; sourceTree = "<group>"; };
/* End PBXFileReference section */

/* Begin PBXFrameworksBuildPhase section */
		1AE4C1F815824B2600F33ED0 /* Frameworks */ = {
			isa = PBXFrameworksBuildPhase;
			buildActionMask = 2147483647;
			files = (
				1AE4C20015824B2600F33ED0 /* UIKit.framework in Frameworks */,
				1AE4C20215824B2600F33ED0 /* Foundation.framework in Frameworks */,
				1AE4C20415824B2600F33ED0 /* CoreGraphics.framework in Frameworks */,
			);
			runOnlyForDeploymentPostprocessing = 0;
		};
/* End PBXFrameworksBuildPhase section */

/* Begin PBXGroup section */
		1AE4C1F015824B2600F33ED0 = {
			isa = PBXGroup;
			children = (
				1AE4C20515824B2600F33ED0 /* openURLifAvailable */,
				1AE4C1FE15824B2600F33ED0 /* Frameworks */,
				1AE4C1FC15824B2600F33ED0 /* Products */,
			);
			sourceTree = "<group>";
		};
		1AE4C1FC15824B2600F33ED0 /* Products */ = {
			isa = PBXGroup;
			children = (
				1AE4C1FB15824B2600F33ED0 /* openURLifAvailable.app */,
			);
			name = Products;
			sourceTree = "<group>";
		};
		1AE4C1FE15824B2600F33ED0 /* Frameworks */ = {
			isa = PBXGroup;
			children = (
				1AE4C1FF15824B2600F33ED0 /* UIKit.framework */,
				1AE4C20115824B2600F33ED0 /* Foundation.framework */,
				1AE4C20315824B2600F33ED0 /* CoreGraphics.framework */,
			);
			name = Frameworks;
			sourceTree = "<group>";
		};
		1AE4C20515824B2600F33ED0 /* openURLifAvailable */ = {
			isa = PBXGroup;
			children = (
				1AE4C20E15824B2600F33ED0 /* AppDelegate.h */,
				1AE4C20F15824B2600F33ED0 /* AppDelegate.m */,
				1AE4C21115824B2600F33ED0 /* ViewController.h */,
				1AE4C21215824B2600F33ED0 /* ViewController.m */,
				1AE4C21415824B2600F33ED0 /* ViewController.xib */,
				1AE4C20615824B2600F33ED0 /* Supporting Files */,
			);
			path = openURLifAvailable;
			sourceTree = "<group>";
		};
		1AE4C20615824B2600F33ED0 /* Supporting Files */ = {
			isa = PBXGroup;
			children = (
				1AE4C20715824B2600F33ED0 /* openURLifAvailable-Info.plist */,
				1AE4C20815824B2600F33ED0 /* InfoPlist.strings */,
				1AE4C20B15824B2600F33ED0 /* main.m */,
				1AE4C20D15824B2600F33ED0 /* openURLifAvailable-Prefix.pch */,
			);
			name = "Supporting Files";
			sourceTree = "<group>";
		};
/* End PBXGroup section */

/* Begin PBXNativeTarget section */
		1AE4C1FA15824B2600F33ED0 /* openURLifAvailable */ = {
			isa = PBXNativeTarget;
			buildConfigurationList = 1AE4C21915824B2600F33ED0 /* Build configuration list for PBXNativeTarget "openURLifAvailable" */;
			buildPhases = (
				1AE4C1F715824B2600F33ED0 /* Sources */,
				1AE4C1F815824B2600F33ED0 /* Frameworks */,
				1AE4C1F915824B2600F33ED0 /* Resources */,
			);
			buildRules = (
			);
			dependencies = (
			);
			name = openURLifAvailable;
			productName = openURLifAvailable;
			productReference = 1AE4C1FB15824B2600F33ED0 /* openURLifAvailable.app */;
			productType = "com.apple.product-type.application";
		};
/* End PBXNativeTarget section */

/* Begin PBXProject section */
		1AE4C1F215824B2600F33ED0 /* Project object */ = {
			isa = PBXProject;
			attributes = {
				LastUpgradeCheck = 0430;
				ORGANIZATIONNAME = "JDub Studios, llc";
			};
			buildConfigurationList = 1AE4C1F515824B2600F33ED0 /* Build configuration list for PBXProject "openURLifAvailable" */;
			compatibilityVersion = "Xcode 3.2";
			developmentRegion = English;
			hasScannedForEncodings = 0;
			knownRegions = (
				en,
			);
			mainGroup = 1AE4C1F015824B2600F33ED0;
			productRefGroup = 1AE4C1FC15824B2600F33ED0 /* Products */;
			projectDirPath = "";
			projectRoot = "";
			targets = (
				1AE4C1FA15824B2600F33ED0 /* openURLifAvailable */,
			);
		};
/* End PBXProject section */

/* Begin PBXResourcesBuildPhase section */
		1AE4C1F915824B2600F33ED0 /* Resources */ = {
			isa = PBXResourcesBuildPhase;
			buildActionMask = 2147483647;
			files = (
				1AE4C20A15824B2600F33ED0 /* InfoPlist.strings in Resources */,
				1AE4C21615824B2600F33ED0 /* ViewController.xib in Resources */,
			);
			runOnlyForDeploymentPostprocessing = 0;
		};
/* End PBXResourcesBuildPhase section */

/* Begin PBXSourcesBuildPhase section */
		1AE4C1F715824B2600F33ED0 /* Sources */ = {
			isa = PBXSourcesBuildPhase;
			buildActionMask = 2147483647;
			files = (
				1AE4C20C15824B2600F33ED0 /* main.m in Sources */,
				1AE4C21015824B2600F33ED0 /* AppDelegate.m in Sources */,
				1AE4C21315824B2600F33ED0 /* ViewController.m in Sources */,
			);
			runOnlyForDeploymentPostprocessing = 0;
		};
/* End PBXSourcesBuildPhase section */

/* Begin PBXVariantGroup section */
		1AE4C20815824B2600F33ED0 /* InfoPlist.strings */ = {
			isa = PBXVariantGroup;
			children = (
				1AE4C20915824B2600F33ED0 /* en */,
			);
			name = InfoPlist.strings;
			sourceTree = "<group>";
		};
		1AE4C21415824B2600F33ED0 /* ViewController.xib */ = {
			isa = PBXVariantGroup;
			children = (
				1AE4C21515824B2600F33ED0 /* en */,
			);
			name = ViewController.xib;
			sourceTree = "<group>";
		};
/* End PBXVariantGroup section */

/* Begin XCBuildConfiguration section */
		1AE4C21715824B2600F33ED0 /* Debug */ = {
			isa = XCBuildConfiguration;
			buildSettings = {
				ALWAYS_SEARCH_USER_PATHS = NO;
				ARCHS = "$(ARCHS_STANDARD_32_BIT)";
				CLANG_ENABLE_OBJC_ARC = YES;
				"CODE_SIGN_IDENTITY[sdk=iphoneos*]" = "iPhone Developer";
				COPY_PHASE_STRIP = NO;
				GCC_C_LANGUAGE_STANDARD = gnu99;
				GCC_DYNAMIC_NO_PIC = NO;
				GCC_OPTIMIZATION_LEVEL = 0;
				GCC_PREPROCESSOR_DEFINITIONS = (
					"DEBUG=1",
					"$(inherited)",
				);
				GCC_SYMBOLS_PRIVATE_EXTERN = NO;
				GCC_VERSION = com.apple.compilers.llvm.clang.1_0;
				GCC_WARN_ABOUT_RETURN_TYPE = YES;
				GCC_WARN_UNINITIALIZED_AUTOS = YES;
				GCC_WARN_UNUSED_VARIABLE = YES;
				IPHONEOS_DEPLOYMENT_TARGET = 5.1;
				SDKROOT = iphoneos;
			};
			name = Debug;
		};
		1AE4C21815824B2600F33ED0 /* Release */ = {
			isa = XCBuildConfiguration;
			buildSettings = {
				ALWAYS_SEARCH_USER_PATHS = NO;
				ARCHS = "$(ARCHS_STANDARD_32_BIT)";
				CLANG_ENABLE_OBJC_ARC = YES;
				"CODE_SIGN_IDENTITY[sdk=iphoneos*]" = "iPhone Developer";
				COPY_PHASE_STRIP = YES;
				GCC_C_LANGUAGE_STANDARD = gnu99;
				GCC_VERSION = com.apple.compilers.llvm.clang.1_0;
				GCC_WARN_ABOUT_RETURN_TYPE = YES;
				GCC_WARN_UNINITIALIZED_AUTOS = YES;
				GCC_WARN_UNUSED_VARIABLE = YES;
				IPHONEOS_DEPLOYMENT_TARGET = 5.1;
				OTHER_CFLAGS = "-DNS_BLOCK_ASSERTIONS=1";
				SDKROOT = iphoneos;
				VALIDATE_PRODUCT = YES;
			};
			name = Release;
		};
		1AE4C21A15824B2600F33ED0 /* Debug */ = {
			isa = XCBuildConfiguration;
			buildSettings = {
				GCC_PRECOMPILE_PREFIX_HEADER = YES;
				GCC_PREFIX_HEADER = "openURLifAvailable/openURLifAvailable-Prefix.pch";
				INFOPLIST_FILE = "openURLifAvailable/openURLifAvailable-Info.plist";
				PRODUCT_NAME = "$(TARGET_NAME)";
				WRAPPER_EXTENSION = app;
			};
			name = Debug;
		};
		1AE4C21B15824B2600F33ED0 /* Release */ = {
			isa = XCBuildConfiguration;
			buildSettings = {
				GCC_PRECOMPILE_PREFIX_HEADER = YES;
				GCC_PREFIX_HEADER = "openURLifAvailable/openURLifAvailable-Prefix.pch";
				INFOPLIST_FILE = "openURLifAvailable/openURLifAvailable-Info.plist";
				PRODUCT_NAME = "$(TARGET_NAME)";
				WRAPPER_EXTENSION = app;
			};
			name = Release;
		};
/* End XCBuildConfiguration section */

/* Begin XCConfigurationList section */
		1AE4C1F515824B2600F33ED0 /* Build configuration list for PBXProject "openURLifAvailable" */ = {
			isa = XCConfigurationList;
			buildConfigurations = (
				1AE4C21715824B2600F33ED0 /* Debug */,
				1AE4C21815824B2600F33ED0 /* Release */,
			);
			defaultConfigurationIsVisible = 0;
			defaultConfigurationName = Release;
		};
		1AE4C21915824B2600F33ED0 /* Build configuration list for PBXNativeTarget "openURLifAvailable" */ = {
			isa = XCConfigurationList;
			buildConfigurations = (
				1AE4C21A15824B2600F33ED0 /* Debug */,
				1AE4C21B15824B2600F33ED0 /* Release */,
			);
			defaultConfigurationIsVisible = 0;
		};
/* End XCConfigurationList section */
	};
	rootObject = 1AE4C1F215824B2600F33ED0 /* Project object */;
}
